// !$*UTF8*$!
{
	archiveVersion = 1;
	classes = {
	};
	objectVersion = 52;
	objects = {

/* Begin PBXBuildFile section */
		CF0A3EFE2C214A5400357D82 /* mosqueData.json in Resources */ = {isa = PBXBuildFile; fileRef = CF0A3EFD2C214A5400357D82 /* mosqueData.json */; };
		CF0A3F002C214AAF00357D82 /* restaurantData.json in Resources */ = {isa = PBXBuildFile; fileRef = CF0A3EFF2C214AAF00357D82 /* restaurantData.json */; };
		CF416E3D2C1F444100FE05E5 /* GoogleService-Info.plist in Resources */ = {isa = PBXBuildFile; fileRef = CF416E3C2C1F444000FE05E5 /* GoogleService-Info.plist */; };
		CF416E4E2C1F5B3300FE05E5 /* MyPageViewController.swift in Sources */ = {isa = PBXBuildFile; fileRef = CF416E4D2C1F5B3300FE05E5 /* MyPageViewController.swift */; };
		CF416E502C1F5DDE00FE05E5 /* TestViewController.swift in Sources */ = {isa = PBXBuildFile; fileRef = CF416E4F2C1F5DDE00FE05E5 /* TestViewController.swift */; };
		CF742D9A2C1C335600DF550A /* AppDelegate.swift in Sources */ = {isa = PBXBuildFile; fileRef = CF742D992C1C335600DF550A /* AppDelegate.swift */; };
		CF742D9C2C1C335600DF550A /* SceneDelegate.swift in Sources */ = {isa = PBXBuildFile; fileRef = CF742D9B2C1C335600DF550A /* SceneDelegate.swift */; };
		CF742DA12C1C335600DF550A /* Main.storyboard in Resources */ = {isa = PBXBuildFile; fileRef = CF742D9F2C1C335600DF550A /* Main.storyboard */; };
		CF742DA32C1C335800DF550A /* Assets.xcassets in Resources */ = {isa = PBXBuildFile; fileRef = CF742DA22C1C335800DF550A /* Assets.xcassets */; };
		CF742DA62C1C335800DF550A /* LaunchScreen.storyboard in Resources */ = {isa = PBXBuildFile; fileRef = CF742DA42C1C335800DF550A /* LaunchScreen.storyboard */; };
		CF742DAE2C1C33AD00DF550A /* HomeViewController.swift in Sources */ = {isa = PBXBuildFile; fileRef = CF742DAD2C1C33AD00DF550A /* HomeViewController.swift */; };
		CF742DB02C1C33C100DF550A /* SearchViewController.swift in Sources */ = {isa = PBXBuildFile; fileRef = CF742DAF2C1C33C100DF550A /* SearchViewController.swift */; };
		CF742DB22C1C33D400DF550A /* MapViewController.swift in Sources */ = {isa = PBXBuildFile; fileRef = CF742DB12C1C33D400DF550A /* MapViewController.swift */; };
		CF779E562C1FB0C8007259C1 /* LoginViewController.swift in Sources */ = {isa = PBXBuildFile; fileRef = CF779E552C1FB0C8007259C1 /* LoginViewController.swift */; };
		CF779E582C1FB13B007259C1 /* SignUpViewController.swift in Sources */ = {isa = PBXBuildFile; fileRef = CF779E572C1FB13B007259C1 /* SignUpViewController.swift */; };
		CF779E5D2C2018A0007259C1 /* FirebaseAuth in Frameworks */ = {isa = PBXBuildFile; productRef = CF779E5C2C2018A0007259C1 /* FirebaseAuth */; };
		CF779E5F2C2018A0007259C1 /* FirebaseStorage in Frameworks */ = {isa = PBXBuildFile; productRef = CF779E5E2C2018A0007259C1 /* FirebaseStorage */; };
		CF779E612C2018A0007259C1 /* FirebaseFirestore in Frameworks */ = {isa = PBXBuildFile; productRef = CF779E602C2018A0007259C1 /* FirebaseFirestore */; };
		CF779E632C201A33007259C1 /* UserManager.swift in Sources */ = {isa = PBXBuildFile; fileRef = CF779E622C201A33007259C1 /* UserManager.swift */; };
		CF779E652C20A27C007259C1 /* RestaurantDetailViewController.swift in Sources */ = {isa = PBXBuildFile; fileRef = CF779E642C20A27C007259C1 /* RestaurantDetailViewController.swift */; };
		CF779E692C20BA70007259C1 /* SearchTableViewCell.swift in Sources */ = {isa = PBXBuildFile; fileRef = CF779E682C20BA70007259C1 /* SearchTableViewCell.swift */; };
		CF7877F72C1D64EB0068A6B6 /* Restaurant.swift in Sources */ = {isa = PBXBuildFile; fileRef = CF7877F62C1D64EB0068A6B6 /* Restaurant.swift */; };
/* End PBXBuildFile section */

/* Begin PBXFileReference section */
		CF0A3EFD2C214A5400357D82 /* mosqueData.json */ = {isa = PBXFileReference; lastKnownFileType = text.json; path = mosqueData.json; sourceTree = "<group>"; };
		CF0A3EFF2C214AAF00357D82 /* restaurantData.json */ = {isa = PBXFileReference; lastKnownFileType = text.json; path = restaurantData.json; sourceTree = "<group>"; };
		CF416E3C2C1F444000FE05E5 /* GoogleService-Info.plist */ = {isa = PBXFileReference; fileEncoding = 4; lastKnownFileType = text.plist.xml; name = "GoogleService-Info.plist"; path = "../../../Downloads/GoogleService-Info.plist"; sourceTree = "<group>"; };
		CF416E4D2C1F5B3300FE05E5 /* MyPageViewController.swift */ = {isa = PBXFileReference; lastKnownFileType = sourcecode.swift; path = MyPageViewController.swift; sourceTree = "<group>"; };
		CF416E4F2C1F5DDE00FE05E5 /* TestViewController.swift */ = {isa = PBXFileReference; lastKnownFileType = sourcecode.swift; path = TestViewController.swift; sourceTree = "<group>"; };
		CF742D962C1C335600DF550A /* MuslimApp.app */ = {isa = PBXFileReference; explicitFileType = wrapper.application; includeInIndex = 0; path = MuslimApp.app; sourceTree = BUILT_PRODUCTS_DIR; };
		CF742D992C1C335600DF550A /* AppDelegate.swift */ = {isa = PBXFileReference; lastKnownFileType = sourcecode.swift; path = AppDelegate.swift; sourceTree = "<group>"; };
		CF742D9B2C1C335600DF550A /* SceneDelegate.swift */ = {isa = PBXFileReference; lastKnownFileType = sourcecode.swift; path = SceneDelegate.swift; sourceTree = "<group>"; };
		CF742DA02C1C335600DF550A /* Base */ = {isa = PBXFileReference; lastKnownFileType = file.storyboard; name = Base; path = Base.lproj/Main.storyboard; sourceTree = "<group>"; };
		CF742DA22C1C335800DF550A /* Assets.xcassets */ = {isa = PBXFileReference; lastKnownFileType = folder.assetcatalog; path = Assets.xcassets; sourceTree = "<group>"; };
		CF742DA52C1C335800DF550A /* Base */ = {isa = PBXFileReference; lastKnownFileType = file.storyboard; name = Base; path = Base.lproj/LaunchScreen.storyboard; sourceTree = "<group>"; };
		CF742DA72C1C335800DF550A /* Info.plist */ = {isa = PBXFileReference; lastKnownFileType = text.plist.xml; path = Info.plist; sourceTree = "<group>"; };
		CF742DAD2C1C33AD00DF550A /* HomeViewController.swift */ = {isa = PBXFileReference; lastKnownFileType = sourcecode.swift; path = HomeViewController.swift; sourceTree = "<group>"; };
		CF742DAF2C1C33C100DF550A /* SearchViewController.swift */ = {isa = PBXFileReference; lastKnownFileType = sourcecode.swift; path = SearchViewController.swift; sourceTree = "<group>"; };
		CF742DB12C1C33D400DF550A /* MapViewController.swift */ = {isa = PBXFileReference; lastKnownFileType = sourcecode.swift; path = MapViewController.swift; sourceTree = "<group>"; };
		CF779E552C1FB0C8007259C1 /* LoginViewController.swift */ = {isa = PBXFileReference; lastKnownFileType = sourcecode.swift; path = LoginViewController.swift; sourceTree = "<group>"; };
		CF779E572C1FB13B007259C1 /* SignUpViewController.swift */ = {isa = PBXFileReference; lastKnownFileType = sourcecode.swift; path = SignUpViewController.swift; sourceTree = "<group>"; };
		CF779E622C201A33007259C1 /* UserManager.swift */ = {isa = PBXFileReference; lastKnownFileType = sourcecode.swift; path = UserManager.swift; sourceTree = "<group>"; };
		CF779E642C20A27C007259C1 /* RestaurantDetailViewController.swift */ = {isa = PBXFileReference; lastKnownFileType = sourcecode.swift; path = RestaurantDetailViewController.swift; sourceTree = "<group>"; };
		CF779E682C20BA70007259C1 /* SearchTableViewCell.swift */ = {isa = PBXFileReference; lastKnownFileType = sourcecode.swift; path = SearchTableViewCell.swift; sourceTree = "<group>"; };
		CF7877F62C1D64EB0068A6B6 /* Restaurant.swift */ = {isa = PBXFileReference; lastKnownFileType = sourcecode.swift; path = Restaurant.swift; sourceTree = "<group>"; };
/* End PBXFileReference section */

/* Begin PBXFrameworksBuildPhase section */
		CF742D932C1C335600DF550A /* Frameworks */ = {
			isa = PBXFrameworksBuildPhase;
			buildActionMask = 2147483647;
			files = (
				CF779E5D2C2018A0007259C1 /* FirebaseAuth in Frameworks */,
				CF779E5F2C2018A0007259C1 /* FirebaseStorage in Frameworks */,
				CF779E612C2018A0007259C1 /* FirebaseFirestore in Frameworks */,
			);
			runOnlyForDeploymentPostprocessing = 0;
		};
/* End PBXFrameworksBuildPhase section */

/* Begin PBXGroup section */
		CF416E372C1F3E5E00FE05E5 /* Frameworks */ = {
			isa = PBXGroup;
			children = (
			);
			name = Frameworks;
			sourceTree = "<group>";
		};
		CF742D8D2C1C335600DF550A = {
			isa = PBXGroup;
			children = (
				CF742D982C1C335600DF550A /* MuslimApp */,
				CF742D972C1C335600DF550A /* Products */,
				CF416E372C1F3E5E00FE05E5 /* Frameworks */,
			);
			sourceTree = "<group>";
		};
		CF742D972C1C335600DF550A /* Products */ = {
			isa = PBXGroup;
			children = (
				CF742D962C1C335600DF550A /* MuslimApp.app */,
			);
			name = Products;
			sourceTree = "<group>";
		};
		CF742D982C1C335600DF550A /* MuslimApp */ = {
			isa = PBXGroup;
			children = (
				CF0A3EFD2C214A5400357D82 /* mosqueData.json */,
				CF742D992C1C335600DF550A /* AppDelegate.swift */,
				CF742D9B2C1C335600DF550A /* SceneDelegate.swift */,
				CF742D9F2C1C335600DF550A /* Main.storyboard */,
				CF779E682C20BA70007259C1 /* SearchTableViewCell.swift */,
				CF779E642C20A27C007259C1 /* RestaurantDetailViewController.swift */,
				CF779E552C1FB0C8007259C1 /* LoginViewController.swift */,
				CF779E572C1FB13B007259C1 /* SignUpViewController.swift */,
				CF416E4F2C1F5DDE00FE05E5 /* TestViewController.swift */,
				CF416E4D2C1F5B3300FE05E5 /* MyPageViewController.swift */,
				CF742DAD2C1C33AD00DF550A /* HomeViewController.swift */,
				CF742DAF2C1C33C100DF550A /* SearchViewController.swift */,
				CF742DB12C1C33D400DF550A /* MapViewController.swift */,
				CF742DA22C1C335800DF550A /* Assets.xcassets */,
				CF742DA42C1C335800DF550A /* LaunchScreen.storyboard */,
				CF742DA72C1C335800DF550A /* Info.plist */,
				CF7877F62C1D64EB0068A6B6 /* Restaurant.swift */,
				CF416E3C2C1F444000FE05E5 /* GoogleService-Info.plist */,
				CF779E622C201A33007259C1 /* UserManager.swift */,
				CF0A3EFF2C214AAF00357D82 /* restaurantData.json */,
			);
			path = MuslimApp;
			sourceTree = "<group>";
		};
/* End PBXGroup section */

/* Begin PBXNativeTarget section */
		CF742D952C1C335600DF550A /* MuslimApp */ = {
			isa = PBXNativeTarget;
			buildConfigurationList = CF742DAA2C1C335800DF550A /* Build configuration list for PBXNativeTarget "MuslimApp" */;
			buildPhases = (
				CF742D922C1C335600DF550A /* Sources */,
				CF742D932C1C335600DF550A /* Frameworks */,
				CF742D942C1C335600DF550A /* Resources */,
			);
			buildRules = (
			);
			dependencies = (
			);
			name = MuslimApp;
			packageProductDependencies = (
				CF779E5C2C2018A0007259C1 /* FirebaseAuth */,
				CF779E5E2C2018A0007259C1 /* FirebaseStorage */,
				CF779E602C2018A0007259C1 /* FirebaseFirestore */,
			);
			productName = MuslimApp;
			productReference = CF742D962C1C335600DF550A /* MuslimApp.app */;
			productType = "com.apple.product-type.application";
		};
/* End PBXNativeTarget section */

/* Begin PBXProject section */
		CF742D8E2C1C335600DF550A /* Project object */ = {
			isa = PBXProject;
			attributes = {
				LastSwiftUpdateCheck = 1250;
				LastUpgradeCheck = 1250;
				TargetAttributes = {
					CF742D952C1C335600DF550A = {
						CreatedOnToolsVersion = 12.5;
					};
				};
			};
			buildConfigurationList = CF742D912C1C335600DF550A /* Build configuration list for PBXProject "MuslimApp" */;
			compatibilityVersion = "Xcode 9.3";
			developmentRegion = en;
			hasScannedForEncodings = 0;
			knownRegions = (
				en,
				Base,
			);
			mainGroup = CF742D8D2C1C335600DF550A;
			packageReferences = (
				CF779E5B2C2018A0007259C1 /* XCRemoteSwiftPackageReference "firebase-ios-sdk" */,
			);
			productRefGroup = CF742D972C1C335600DF550A /* Products */;
			projectDirPath = "";
			projectRoot = "";
			targets = (
				CF742D952C1C335600DF550A /* MuslimApp */,
			);
		};
/* End PBXProject section */

/* Begin PBXResourcesBuildPhase section */
		CF742D942C1C335600DF550A /* Resources */ = {
			isa = PBXResourcesBuildPhase;
			buildActionMask = 2147483647;
			files = (
				CF0A3F002C214AAF00357D82 /* restaurantData.json in Resources */,
				CF742DA62C1C335800DF550A /* LaunchScreen.storyboard in Resources */,
				CF742DA32C1C335800DF550A /* Assets.xcassets in Resources */,
				CF416E3D2C1F444100FE05E5 /* GoogleService-Info.plist in Resources */,
				CF0A3EFE2C214A5400357D82 /* mosqueData.json in Resources */,
				CF742DA12C1C335600DF550A /* Main.storyboard in Resources */,
			);
			runOnlyForDeploymentPostprocessing = 0;
		};
/* End PBXResourcesBuildPhase section */

/* Begin PBXSourcesBuildPhase section */
		CF742D922C1C335600DF550A /* Sources */ = {
			isa = PBXSourcesBuildPhase;
			buildActionMask = 2147483647;
			files = (
				CF779E562C1FB0C8007259C1 /* LoginViewController.swift in Sources */,
				CF742DB02C1C33C100DF550A /* SearchViewController.swift in Sources */,
				CF742DB22C1C33D400DF550A /* MapViewController.swift in Sources */,
				CF416E502C1F5DDE00FE05E5 /* TestViewController.swift in Sources */,
				CF779E582C1FB13B007259C1 /* SignUpViewController.swift in Sources */,
				CF416E4E2C1F5B3300FE05E5 /* MyPageViewController.swift in Sources */,
				CF779E652C20A27C007259C1 /* RestaurantDetailViewController.swift in Sources */,
				CF7877F72C1D64EB0068A6B6 /* Restaurant.swift in Sources */,
				CF779E692C20BA70007259C1 /* SearchTableViewCell.swift in Sources */,
				CF742D9A2C1C335600DF550A /* AppDelegate.swift in Sources */,
				CF742D9C2C1C335600DF550A /* SceneDelegate.swift in Sources */,
				CF779E632C201A33007259C1 /* UserManager.swift in Sources */,
				CF742DAE2C1C33AD00DF550A /* HomeViewController.swift in Sources */,
			);
			runOnlyForDeploymentPostprocessing = 0;
		};
/* End PBXSourcesBuildPhase section */

/* Begin PBXVariantGroup section */
		CF742D9F2C1C335600DF550A /* Main.storyboard */ = {
			isa = PBXVariantGroup;
			children = (
				CF742DA02C1C335600DF550A /* Base */,
			);
			name = Main.storyboard;
			sourceTree = "<group>";
		};
		CF742DA42C1C335800DF550A /* LaunchScreen.storyboard */ = {
			isa = PBXVariantGroup;
			children = (
				CF742DA52C1C335800DF550A /* Base */,
			);
			name = LaunchScreen.storyboard;
			sourceTree = "<group>";
		};
/* End PBXVariantGroup section */

/* Begin XCBuildConfiguration section */
		CF742DA82C1C335800DF550A /* Debug */ = {
			isa = XCBuildConfiguration;
			buildSettings = {
				ALWAYS_SEARCH_USER_PATHS = NO;
				CLANG_ANALYZER_NONNULL = YES;
				CLANG_ANALYZER_NUMBER_OBJECT_CONVERSION = YES_AGGRESSIVE;
				CLANG_CXX_LANGUAGE_STANDARD = "gnu++14";
				CLANG_CXX_LIBRARY = "libc++";
				CLANG_ENABLE_MODULES = YES;
				CLANG_ENABLE_OBJC_ARC = YES;
				CLANG_ENABLE_OBJC_WEAK = YES;
				CLANG_WARN_BLOCK_CAPTURE_AUTORELEASING = YES;
				CLANG_WARN_BOOL_CONVERSION = YES;
				CLANG_WARN_COMMA = YES;
				CLANG_WARN_CONSTANT_CONVERSION = YES;
				CLANG_WARN_DEPRECATED_OBJC_IMPLEMENTATIONS = YES;
				CLANG_WARN_DIRECT_OBJC_ISA_USAGE = YES_ERROR;
				CLANG_WARN_DOCUMENTATION_COMMENTS = YES;
				CLANG_WARN_EMPTY_BODY = YES;
				CLANG_WARN_ENUM_CONVERSION = YES;
				CLANG_WARN_INFINITE_RECURSION = YES;
				CLANG_WARN_INT_CONVERSION = YES;
				CLANG_WARN_NON_LITERAL_NULL_CONVERSION = YES;
				CLANG_WARN_OBJC_IMPLICIT_RETAIN_SELF = YES;
				CLANG_WARN_OBJC_LITERAL_CONVERSION = YES;
				CLANG_WARN_OBJC_ROOT_CLASS = YES_ERROR;
				CLANG_WARN_QUOTED_INCLUDE_IN_FRAMEWORK_HEADER = YES;
				CLANG_WARN_RANGE_LOOP_ANALYSIS = YES;
				CLANG_WARN_STRICT_PROTOTYPES = YES;
				CLANG_WARN_SUSPICIOUS_MOVE = YES;
				CLANG_WARN_UNGUARDED_AVAILABILITY = YES_AGGRESSIVE;
				CLANG_WARN_UNREACHABLE_CODE = YES;
				CLANG_WARN__DUPLICATE_METHOD_MATCH = YES;
				COPY_PHASE_STRIP = NO;
				DEBUG_INFORMATION_FORMAT = dwarf;
				ENABLE_STRICT_OBJC_MSGSEND = YES;
				ENABLE_TESTABILITY = YES;
				GCC_C_LANGUAGE_STANDARD = gnu11;
				GCC_DYNAMIC_NO_PIC = NO;
				GCC_NO_COMMON_BLOCKS = YES;
				GCC_OPTIMIZATION_LEVEL = 0;
				GCC_PREPROCESSOR_DEFINITIONS = (
					"DEBUG=1",
					"$(inherited)",
				);
				GCC_WARN_64_TO_32_BIT_CONVERSION = YES;
				GCC_WARN_ABOUT_RETURN_TYPE = YES_ERROR;
				GCC_WARN_UNDECLARED_SELECTOR = YES;
				GCC_WARN_UNINITIALIZED_AUTOS = YES_AGGRESSIVE;
				GCC_WARN_UNUSED_FUNCTION = YES;
				GCC_WARN_UNUSED_VARIABLE = YES;
				IPHONEOS_DEPLOYMENT_TARGET = 14.5;
				MTL_ENABLE_DEBUG_INFO = INCLUDE_SOURCE;
				MTL_FAST_MATH = YES;
				ONLY_ACTIVE_ARCH = YES;
				SDKROOT = iphoneos;
				SWIFT_ACTIVE_COMPILATION_CONDITIONS = DEBUG;
				SWIFT_OPTIMIZATION_LEVEL = "-Onone";
			};
			name = Debug;
		};
		CF742DA92C1C335800DF550A /* Release */ = {
			isa = XCBuildConfiguration;
			buildSettings = {
				ALWAYS_SEARCH_USER_PATHS = NO;
				CLANG_ANALYZER_NONNULL = YES;
				CLANG_ANALYZER_NUMBER_OBJECT_CONVERSION = YES_AGGRESSIVE;
				CLANG_CXX_LANGUAGE_STANDARD = "gnu++14";
				CLANG_CXX_LIBRARY = "libc++";
				CLANG_ENABLE_MODULES = YES;
				CLANG_ENABLE_OBJC_ARC = YES;
				CLANG_ENABLE_OBJC_WEAK = YES;
				CLANG_WARN_BLOCK_CAPTURE_AUTORELEASING = YES;
				CLANG_WARN_BOOL_CONVERSION = YES;
				CLANG_WARN_COMMA = YES;
				CLANG_WARN_CONSTANT_CONVERSION = YES;
				CLANG_WARN_DEPRECATED_OBJC_IMPLEMENTATIONS = YES;
				CLANG_WARN_DIRECT_OBJC_ISA_USAGE = YES_ERROR;
				CLANG_WARN_DOCUMENTATION_COMMENTS = YES;
				CLANG_WARN_EMPTY_BODY = YES;
				CLANG_WARN_ENUM_CONVERSION = YES;
				CLANG_WARN_INFINITE_RECURSION = YES;
				CLANG_WARN_INT_CONVERSION = YES;
				CLANG_WARN_NON_LITERAL_NULL_CONVERSION = YES;
				CLANG_WARN_OBJC_IMPLICIT_RETAIN_SELF = YES;
				CLANG_WARN_OBJC_LITERAL_CONVERSION = YES;
				CLANG_WARN_OBJC_ROOT_CLASS = YES_ERROR;
				CLANG_WARN_QUOTED_INCLUDE_IN_FRAMEWORK_HEADER = YES;
				CLANG_WARN_RANGE_LOOP_ANALYSIS = YES;
				CLANG_WARN_STRICT_PROTOTYPES = YES;
				CLANG_WARN_SUSPICIOUS_MOVE = YES;
				CLANG_WARN_UNGUARDED_AVAILABILITY = YES_AGGRESSIVE;
				CLANG_WARN_UNREACHABLE_CODE = YES;
				CLANG_WARN__DUPLICATE_METHOD_MATCH = YES;
				COPY_PHASE_STRIP = NO;
				DEBUG_INFORMATION_FORMAT = "dwarf-with-dsym";
				ENABLE_NS_ASSERTIONS = NO;
				ENABLE_STRICT_OBJC_MSGSEND = YES;
				GCC_C_LANGUAGE_STANDARD = gnu11;
				GCC_NO_COMMON_BLOCKS = YES;
				GCC_WARN_64_TO_32_BIT_CONVERSION = YES;
				GCC_WARN_ABOUT_RETURN_TYPE = YES_ERROR;
				GCC_WARN_UNDECLARED_SELECTOR = YES;
				GCC_WARN_UNINITIALIZED_AUTOS = YES_AGGRESSIVE;
				GCC_WARN_UNUSED_FUNCTION = YES;
				GCC_WARN_UNUSED_VARIABLE = YES;
				IPHONEOS_DEPLOYMENT_TARGET = 14.5;
				MTL_ENABLE_DEBUG_INFO = NO;
				MTL_FAST_MATH = YES;
				SDKROOT = iphoneos;
				SWIFT_COMPILATION_MODE = wholemodule;
				SWIFT_OPTIMIZATION_LEVEL = "-O";
				VALIDATE_PRODUCT = YES;
			};
			name = Release;
		};
		CF742DAB2C1C335800DF550A /* Debug */ = {
			isa = XCBuildConfiguration;
			buildSettings = {
				ASSETCATALOG_COMPILER_APPICON_NAME = AppIcon;
				ASSETCATALOG_COMPILER_GLOBAL_ACCENT_COLOR_NAME = AccentColor;
				CODE_SIGN_STYLE = Automatic;
				INFOPLIST_FILE = MuslimApp/Info.plist;
				LD_RUNPATH_SEARCH_PATHS = (
					"$(inherited)",
					"@executable_path/Frameworks",
				);
				PRODUCT_BUNDLE_IDENTIFIER = hansung.MuslimApp;
				PRODUCT_NAME = "$(TARGET_NAME)";
				SWIFT_VERSION = 5.0;
				TARGETED_DEVICE_FAMILY = "1,2";
			};
			name = Debug;
		};
		CF742DAC2C1C335800DF550A /* Release */ = {
			isa = XCBuildConfiguration;
			buildSettings = {
				ASSETCATALOG_COMPILER_APPICON_NAME = AppIcon;
				ASSETCATALOG_COMPILER_GLOBAL_ACCENT_COLOR_NAME = AccentColor;
				CODE_SIGN_STYLE = Automatic;
				INFOPLIST_FILE = MuslimApp/Info.plist;
				LD_RUNPATH_SEARCH_PATHS = (
					"$(inherited)",
					"@executable_path/Frameworks",
				);
				PRODUCT_BUNDLE_IDENTIFIER = hansung.MuslimApp;
				PRODUCT_NAME = "$(TARGET_NAME)";
				SWIFT_OPTIMIZATION_LEVEL = "-Onone";
				SWIFT_VERSION = 5.0;
				TARGETED_DEVICE_FAMILY = "1,2";
			};
			name = Release;
		};
/* End XCBuildConfiguration section */

/* Begin XCConfigurationList section */
		CF742D912C1C335600DF550A /* Build configuration list for PBXProject "MuslimApp" */ = {
			isa = XCConfigurationList;
			buildConfigurations = (
				CF742DA82C1C335800DF550A /* Debug */,
				CF742DA92C1C335800DF550A /* Release */,
			);
			defaultConfigurationIsVisible = 0;
			defaultConfigurationName = Release;
		};
		CF742DAA2C1C335800DF550A /* Build configuration list for PBXNativeTarget "MuslimApp" */ = {
			isa = XCConfigurationList;
			buildConfigurations = (
				CF742DAB2C1C335800DF550A /* Debug */,
				CF742DAC2C1C335800DF550A /* Release */,
			);
			defaultConfigurationIsVisible = 0;
			defaultConfigurationName = Release;
		};
/* End XCConfigurationList section */

/* Begin XCRemoteSwiftPackageReference section */
		CF779E5B2C2018A0007259C1 /* XCRemoteSwiftPackageReference "firebase-ios-sdk" */ = {
			isa = XCRemoteSwiftPackageReference;
			repositoryURL = "https://github.com/firebase/firebase-ios-sdk.git";
			requirement = {
				kind = upToNextMajorVersion;
				minimumVersion = 9.0.0;
			};
		};
/* End XCRemoteSwiftPackageReference section */

/* Begin XCSwiftPackageProductDependency section */
		CF779E5C2C2018A0007259C1 /* FirebaseAuth */ = {
			isa = XCSwiftPackageProductDependency;
			package = CF779E5B2C2018A0007259C1 /* XCRemoteSwiftPackageReference "firebase-ios-sdk" */;
			productName = FirebaseAuth;
		};
		CF779E5E2C2018A0007259C1 /* FirebaseStorage */ = {
			isa = XCSwiftPackageProductDependency;
			package = CF779E5B2C2018A0007259C1 /* XCRemoteSwiftPackageReference "firebase-ios-sdk" */;
			productName = FirebaseStorage;
		};
		CF779E602C2018A0007259C1 /* FirebaseFirestore */ = {
			isa = XCSwiftPackageProductDependency;
			package = CF779E5B2C2018A0007259C1 /* XCRemoteSwiftPackageReference "firebase-ios-sdk" */;
			productName = FirebaseFirestore;
		};
/* End XCSwiftPackageProductDependency section */
	};
	rootObject = CF742D8E2C1C335600DF550A /* Project object */;
}
